// !$*UTF8*$!
{
	archiveVersion = 1;
	classes = {
	};
	objectVersion = 48;
	objects = {

/* Begin PBXBuildFile section */
		79A033F520F483B7005A4C9E /* AppDelegate.m in Sources */ = {isa = PBXBuildFile; fileRef = 79A033F420F483B7005A4C9E /* AppDelegate.m */; };
		79A033F820F483B7005A4C9E /* ViewController.m in Sources */ = {isa = PBXBuildFile; fileRef = 79A033F720F483B7005A4C9E /* ViewController.m */; };
		79A033FB20F483B7005A4C9E /* Main.storyboard in Resources */ = {isa = PBXBuildFile; fileRef = 79A033F920F483B7005A4C9E /* Main.storyboard */; };
		79A033FD20F483B7005A4C9E /* Assets.xcassets in Resources */ = {isa = PBXBuildFile; fileRef = 79A033FC20F483B7005A4C9E /* Assets.xcassets */; };
		79A0340020F483B7005A4C9E /* LaunchScreen.storyboard in Resources */ = {isa = PBXBuildFile; fileRef = 79A033FE20F483B7005A4C9E /* LaunchScreen.storyboard */; };
		79A0340320F483B7005A4C9E /* main.m in Sources */ = {isa = PBXBuildFile; fileRef = 79A0340220F483B7005A4C9E /* main.m */; };
		79A0340E20F4869D005A4C9E /* NSObject+JSONCategories.m in Sources */ = {isa = PBXBuildFile; fileRef = 79A0340A20F4869D005A4C9E /* NSObject+JSONCategories.m */; };
		79A0340F20F4869D005A4C9E /* NSString+JSONCategories.m in Sources */ = {isa = PBXBuildFile; fileRef = 79A0340D20F4869D005A4C9E /* NSString+JSONCategories.m */; };
/* End PBXBuildFile section */

/* Begin PBXFileReference section */
		79A033F020F483B7005A4C9E /* TkimUtils.app */ = {isa = PBXFileReference; explicitFileType = wrapper.application; includeInIndex = 0; path = TkimUtils.app; sourceTree = BUILT_PRODUCTS_DIR; };
		79A033F320F483B7005A4C9E /* AppDelegate.h */ = {isa = PBXFileReference; lastKnownFileType = sourcecode.c.h; path = AppDelegate.h; sourceTree = "<group>"; };
		79A033F420F483B7005A4C9E /* AppDelegate.m */ = {isa = PBXFileReference; lastKnownFileType = sourcecode.c.objc; path = AppDelegate.m; sourceTree = "<group>"; };
		79A033F620F483B7005A4C9E /* ViewController.h */ = {isa = PBXFileReference; lastKnownFileType = sourcecode.c.h; path = ViewController.h; sourceTree = "<group>"; };
		79A033F720F483B7005A4C9E /* ViewController.m */ = {isa = PBXFileReference; lastKnownFileType = sourcecode.c.objc; path = ViewController.m; sourceTree = "<group>"; };
		79A033FA20F483B7005A4C9E /* Base */ = {isa = PBXFileReference; lastKnownFileType = file.storyboard; name = Base; path = Base.lproj/Main.storyboard; sourceTree = "<group>"; };
		79A033FC20F483B7005A4C9E /* Assets.xcassets */ = {isa = PBXFileReference; lastKnownFileType = folder.assetcatalog; path = Assets.xcassets; sourceTree = "<group>"; };
		79A033FF20F483B7005A4C9E /* Base */ = {isa = PBXFileReference; lastKnownFileType = file.storyboard; name = Base; path = Base.lproj/LaunchScreen.storyboard; sourceTree = "<group>"; };
		79A0340120F483B7005A4C9E /* Info.plist */ = {isa = PBXFileReference; lastKnownFileType = text.plist.xml; path = Info.plist; sourceTree = "<group>"; };
		79A0340220F483B7005A4C9E /* main.m */ = {isa = PBXFileReference; lastKnownFileType = sourcecode.c.objc; path = main.m; sourceTree = "<group>"; };
		79A0340A20F4869D005A4C9E /* NSObject+JSONCategories.m */ = {isa = PBXFileReference; fileEncoding = 4; lastKnownFileType = sourcecode.c.objc; path = "NSObject+JSONCategories.m"; sourceTree = "<group>"; };
		79A0340B20F4869D005A4C9E /* NSString+JSONCategories.h */ = {isa = PBXFileReference; fileEncoding = 4; lastKnownFileType = sourcecode.c.h; path = "NSString+JSONCategories.h"; sourceTree = "<group>"; };
		79A0340C20F4869D005A4C9E /* NSObject+JSONCategories.h */ = {isa = PBXFileReference; fileEncoding = 4; lastKnownFileType = sourcecode.c.h; path = "NSObject+JSONCategories.h"; sourceTree = "<group>"; };
		79A0340D20F4869D005A4C9E /* NSString+JSONCategories.m */ = {isa = PBXFileReference; fileEncoding = 4; lastKnownFileType = sourcecode.c.objc; path = "NSString+JSONCategories.m"; sourceTree = "<group>"; };
/* End PBXFileReference section */

/* Begin PBXFrameworksBuildPhase section */
		79A033ED20F483B7005A4C9E /* Frameworks */ = {
			isa = PBXFrameworksBuildPhase;
			buildActionMask = 2147483647;
			files = (
			);
			runOnlyForDeploymentPostprocessing = 0;
		};
/* End PBXFrameworksBuildPhase section */

/* Begin PBXGroup section */
		79A033E720F483B7005A4C9E = {
			isa = PBXGroup;
			children = (
				79A033F220F483B7005A4C9E /* TkimUtils */,
				79A033F120F483B7005A4C9E /* Products */,
			);
			sourceTree = "<group>";
		};
		79A033F120F483B7005A4C9E /* Products */ = {
			isa = PBXGroup;
			children = (
				79A033F020F483B7005A4C9E /* TkimUtils.app */,
			);
			name = Products;
			sourceTree = "<group>";
		};
		79A033F220F483B7005A4C9E /* TkimUtils */ = {
			isa = PBXGroup;
			children = (
				79A0340920F4869D005A4C9E /* Classes */,
				79A033F320F483B7005A4C9E /* AppDelegate.h */,
				79A033F420F483B7005A4C9E /* AppDelegate.m */,
				79A033F620F483B7005A4C9E /* ViewController.h */,
				79A033F720F483B7005A4C9E /* ViewController.m */,
				79A033F920F483B7005A4C9E /* Main.storyboard */,
				79A033FC20F483B7005A4C9E /* Assets.xcassets */,
				79A033FE20F483B7005A4C9E /* LaunchScreen.storyboard */,
				79A0340120F483B7005A4C9E /* Info.plist */,
				79A0340220F483B7005A4C9E /* main.m */,
			);
			path = TkimUtils;
			sourceTree = "<group>";
		};
		79A0340920F4869D005A4C9E /* Classes */ = {
			isa = PBXGroup;
			children = (
				79A0340A20F4869D005A4C9E /* NSObject+JSONCategories.m */,
				79A0340B20F4869D005A4C9E /* NSString+JSONCategories.h */,
				79A0340C20F4869D005A4C9E /* NSObject+JSONCategories.h */,
				79A0340D20F4869D005A4C9E /* NSString+JSONCategories.m */,
			);
			path = Classes;
			sourceTree = "<group>";
		};
/* End PBXGroup section */

/* Begin PBXNativeTarget section */
		79A033EF20F483B7005A4C9E /* TkimUtils */ = {
			isa = PBXNativeTarget;
			buildConfigurationList = 79A0340620F483B7005A4C9E /* Build configuration list for PBXNativeTarget "TkimUtils" */;
			buildPhases = (
				79A033EC20F483B7005A4C9E /* Sources */,
				79A033ED20F483B7005A4C9E /* Frameworks */,
				79A033EE20F483B7005A4C9E /* Resources */,
			);
			buildRules = (
			);
			dependencies = (
			);
			name = TkimUtils;
			productName = TkimUtils;
			productReference = 79A033F020F483B7005A4C9E /* TkimUtils.app */;
			productType = "com.apple.product-type.application";
		};
/* End PBXNativeTarget section */

/* Begin PBXProject section */
		79A033E820F483B7005A4C9E /* Project object */ = {
			isa = PBXProject;
			attributes = {
				LastUpgradeCheck = 0920;
				ORGANIZATIONNAME = pengyuan;
				TargetAttributes = {
					79A033EF20F483B7005A4C9E = {
						CreatedOnToolsVersion = 9.2;
						ProvisioningStyle = Automatic;
					};
				};
			};
			buildConfigurationList = 79A033EB20F483B7005A4C9E /* Build configuration list for PBXProject "TkimUtils" */;
			compatibilityVersion = "Xcode 8.0";
			developmentRegion = en;
			hasScannedForEncodings = 0;
			knownRegions = (
				en,
				Base,
			);
			mainGroup = 79A033E720F483B7005A4C9E;
			productRefGroup = 79A033F120F483B7005A4C9E /* Products */;
			projectDirPath = "";
			projectRoot = "";
			targets = (
				79A033EF20F483B7005A4C9E /* TkimUtils */,
			);
		};
/* End PBXProject section */

/* Begin PBXResourcesBuildPhase section */
		79A033EE20F483B7005A4C9E /* Resources */ = {
			isa = PBXResourcesBuildPhase;
			buildActionMask = 2147483647;
			files = (
				79A0340020F483B7005A4C9E /* LaunchScreen.storyboard in Resources */,
				79A033FD20F483B7005A4C9E /* Assets.xcassets in Resources */,
				79A033FB20F483B7005A4C9E /* Main.storyboard in Resources */,
			);
			runOnlyForDeploymentPostprocessing = 0;
		};
/* End PBXResourcesBuildPhase section */

/* Begin PBXSourcesBuildPhase section */
		79A033EC20F483B7005A4C9E /* Sources */ = {
			isa = PBXSourcesBuildPhase;
			buildActionMask = 2147483647;
			files = (
				79A033F820F483B7005A4C9E /* ViewController.m in Sources */,
				79A0340320F483B7005A4C9E /* main.m in Sources */,
				79A0340F20F4869D005A4C9E /* NSString+JSONCategories.m in Sources */,
				79A033F520F483B7005A4C9E /* AppDelegate.m in Sources */,
				79A0340E20F4869D005A4C9E /* NSObject+JSONCategories.m in Sources */,
			);
			runOnlyForDeploymentPostprocessing = 0;
		};
/* End PBXSourcesBuildPhase section */

/* Begin PBXVariantGroup section */
		79A033F920F483B7005A4C9E /* Main.storyboard */ = {
			isa = PBXVariantGroup;
			children = (
				79A033FA20F483B7005A4C9E /* Base */,
			);
			name = Main.storyboard;
			sourceTree = "<group>";
		};
		79A033FE20F483B7005A4C9E /* LaunchScreen.storyboard */ = {
			isa = PBXVariantGroup;
			children = (
				79A033FF20F483B7005A4C9E /* Base */,
			);
			name = LaunchScreen.storyboard;
			sourceTree = "<group>";
		};
/* End PBXVariantGroup section */

/* Begin XCBuildConfiguration section */
		79A0340420F483B7005A4C9E /* Debug */ = {
			isa = XCBuildConfiguration;
			buildSettings = {
				ALWAYS_SEARCH_USER_PATHS = NO;
				CLANG_ANALYZER_NONNULL = YES;
				CLANG_ANALYZER_NUMBER_OBJECT_CONVERSION = YES_AGGRESSIVE;
				CLANG_CXX_LANGUAGE_STANDARD = "gnu++14";
				CLANG_CXX_LIBRARY = "libc++";
				CLANG_ENABLE_MODULES = YES;
				CLANG_ENABLE_OBJC_ARC = YES;
				CLANG_WARN_BLOCK_CAPTURE_AUTORELEASING = YES;
				CLANG_WARN_BOOL_CONVERSION = YES;
				CLANG_WARN_COMMA = YES;
				CLANG_WARN_CONSTANT_CONVERSION = YES;
				CLANG_WARN_DIRECT_OBJC_ISA_USAGE = YES_ERROR;
				CLANG_WARN_DOCUMENTATION_COMMENTS = YES;
				CLANG_WARN_EMPTY_BODY = YES;
				CLANG_WARN_ENUM_CONVERSION = YES;
				CLANG_WARN_INFINITE_RECURSION = YES;
				CLANG_WARN_INT_CONVERSION = YES;
				CLANG_WARN_NON_LITERAL_NULL_CONVERSION = YES;
				CLANG_WARN_OBJC_LITERAL_CONVERSION = YES;
				CLANG_WARN_OBJC_ROOT_CLASS = YES_ERROR;
				CLANG_WARN_RANGE_LOOP_ANALYSIS = YES;
				CLANG_WARN_STRICT_PROTOTYPES = YES;
				CLANG_WARN_SUSPICIOUS_MOVE = YES;
				CLANG_WARN_UNGUARDED_AVAILABILITY = YES_AGGRESSIVE;
				CLANG_WARN_UNREACHABLE_CODE = YES;
				CLANG_WARN__DUPLICATE_METHOD_MATCH = YES;
				CODE_SIGN_IDENTITY = "iPhone Developer";
				COPY_PHASE_STRIP = NO;
				DEBUG_INFORMATION_FORMAT = dwarf;
				ENABLE_STRICT_OBJC_MSGSEND = YES;
				ENABLE_TESTABILITY = YES;
				GCC_C_LANGUAGE_STANDARD = gnu11;
				GCC_DYNAMIC_NO_PIC = NO;
				GCC_NO_COMMON_BLOCKS = YES;
				GCC_OPTIMIZATION_LEVEL = 0;
				GCC_PREPROCESSOR_DEFINITIONS = (
					"DEBUG=1",
					"$(inherited)",
				);
				GCC_WARN_64_TO_32_BIT_CONVERSION = YES;
				GCC_WARN_ABOUT_RETURN_TYPE = YES_ERROR;
				GCC_WARN_UNDECLARED_SELECTOR = YES;
				GCC_WARN_UNINITIALIZED_AUTOS = YES_AGGRESSIVE;
				GCC_WARN_UNUSED_FUNCTION = YES;
				GCC_WARN_UNUSED_VARIABLE = YES;
				IPHONEOS_DEPLOYMENT_TARGET = 11.2;
				MTL_ENABLE_DEBUG_INFO = YES;
				ONLY_ACTIVE_ARCH = YES;
				SDKROOT = iphoneos;
			};
			name = Debug;
		};
		79A0340520F483B7005A4C9E /* Release */ = {
			isa = XCBuildConfiguration;
			buildSettings = {
				ALWAYS_SEARCH_USER_PATHS = NO;
				CLANG_ANALYZER_NONNULL = YES;
				CLANG_ANALYZER_NUMBER_OBJECT_CONVERSION = YES_AGGRESSIVE;
				CLANG_CXX_LANGUAGE_STANDARD = "gnu++14";
				CLANG_CXX_LIBRARY = "libc++";
				CLANG_ENABLE_MODULES = YES;
				CLANG_ENABLE_OBJC_ARC = YES;
				CLANG_WARN_BLOCK_CAPTURE_AUTORELEASING = YES;
				CLANG_WARN_BOOL_CONVERSION = YES;
				CLANG_WARN_COMMA = YES;
				CLANG_WARN_CONSTANT_CONVERSION = YES;
				CLANG_WARN_DIRECT_OBJC_ISA_USAGE = YES_ERROR;
				CLANG_WARN_DOCUMENTATION_COMMENTS = YES;
				CLANG_WARN_EMPTY_BODY = YES;
				CLANG_WARN_ENUM_CONVERSION = YES;
				CLANG_WARN_INFINITE_RECURSION = YES;
				CLANG_WARN_INT_CONVERSION = YES;
				CLANG_WARN_NON_LITERAL_NULL_CONVERSION = YES;
				CLANG_WARN_OBJC_LITERAL_CONVERSION = YES;
				CLANG_WARN_OBJC_ROOT_CLASS = YES_ERROR;
				CLANG_WARN_RANGE_LOOP_ANALYSIS = YES;
				CLANG_WARN_STRICT_PROTOTYPES = YES;
				CLANG_WARN_SUSPICIOUS_MOVE = YES;
				CLANG_WARN_UNGUARDED_AVAILABILITY = YES_AGGRESSIVE;
				CLANG_WARN_UNREACHABLE_CODE = YES;
				CLANG_WARN__DUPLICATE_METHOD_MATCH = YES;
				CODE_SIGN_IDENTITY = "iPhone Developer";
				COPY_PHASE_STRIP = NO;
				DEBUG_INFORMATION_FORMAT = "dwarf-with-dsym";
				ENABLE_NS_ASSERTIONS = NO;
				ENABLE_STRICT_OBJC_MSGSEND = YES;
				GCC_C_LANGUAGE_STANDARD = gnu11;
				GCC_NO_COMMON_BLOCKS = YES;
				GCC_WARN_64_TO_32_BIT_CONVERSION = YES;
				GCC_WARN_ABOUT_RETURN_TYPE = YES_ERROR;
				GCC_WARN_UNDECLARED_SELECTOR = YES;
				GCC_WARN_UNINITIALIZED_AUTOS = YES_AGGRESSIVE;
				GCC_WARN_UNUSED_FUNCTION = YES;
				GCC_WARN_UNUSED_VARIABLE = YES;
				IPHONEOS_DEPLOYMENT_TARGET = 11.2;
				MTL_ENABLE_DEBUG_INFO = NO;
				SDKROOT = iphoneos;
				VALIDATE_PRODUCT = YES;
			};
			name = Release;
		};
		79A0340720F483B7005A4C9E /* Debug */ = {
			isa = XCBuildConfiguration;
			buildSettings = {
				ASSETCATALOG_COMPILER_APPICON_NAME = AppIcon;
				CODE_SIGN_STYLE = Automatic;
				DEVELOPMENT_TEAM = 27GZCFD2W8;
				INFOPLIST_FILE = TkimUtils/Info.plist;
				LD_RUNPATH_SEARCH_PATHS = "$(inherited) @executable_path/Frameworks";
				PRODUCT_BUNDLE_IDENTIFIER = com.taikang.TkimUtils;
				PRODUCT_NAME = "$(TARGET_NAME)";
				TARGETED_DEVICE_FAMILY = "1,2";
			};
			name = Debug;
		};
		79A0340820F483B7005A4C9E /* Release */ = {
			isa = XCBuildConfiguration;
			buildSettings = {
				ASSETCATALOG_COMPILER_APPICON_NAME = AppIcon;
				CODE_SIGN_STYLE = Automatic;
				DEVELOPMENT_TEAM = 27GZCFD2W8;
				INFOPLIST_FILE = TkimUtils/Info.plist;
				LD_RUNPATH_SEARCH_PATHS = "$(inherited) @executable_path/Frameworks";
				PRODUCT_BUNDLE_IDENTIFIER = com.taikang.TkimUtils;
				PRODUCT_NAME = "$(TARGET_NAME)";
				TARGETED_DEVICE_FAMILY = "1,2";
			};
			name = Release;
		};
/* End XCBuildConfiguration section */

/* Begin XCConfigurationList section */
		79A033EB20F483B7005A4C9E /* Build configuration list for PBXProject "TkimUtils" */ = {
			isa = XCConfigurationList;
			buildConfigurations = (
				79A0340420F483B7005A4C9E /* Debug */,
				79A0340520F483B7005A4C9E /* Release */,
			);
			defaultConfigurationIsVisible = 0;
			defaultConfigurationName = Release;
		};
		79A0340620F483B7005A4C9E /* Build configuration list for PBXNativeTarget "TkimUtils" */ = {
			isa = XCConfigurationList;
			buildConfigurations = (
				79A0340720F483B7005A4C9E /* Debug */,
				79A0340820F483B7005A4C9E /* Release */,
			);
			defaultConfigurationIsVisible = 0;
			defaultConfigurationName = Release;
		};
/* End XCConfigurationList section */
	};
	rootObject = 79A033E820F483B7005A4C9E /* Project object */;
}
